
Microsoft Visual Studio Solution File, Format Version 12.00
# Visual Studio 14
VisualStudioVersion = 14.0.25123.0
MinimumVisualStudioVersion = 10.0.40219.1
Project("{FAE04EC0-301F-11D3-BF4B-00C04F79EFBC}") = "SkiSchool.ConsoleClient", "GoldenDreamTeam\SkiSchool.ConsoleClient.csproj", "{2E4CEACF-FB03-485F-AF05-84C713C47316}"
EndProject
Project("{FAE04EC0-301F-11D3-BF4B-00C04F79EFBC}") = "SkiSchool.Models", "GoldenDreamTeam.Models\SkiSchool.Models.csproj", "{CBC4F5B2-4D28-4E68-AD74-C96F2A548B5E}"
EndProject
Project("{FAE04EC0-301F-11D3-BF4B-00C04F79EFBC}") = "SkiSchool.Data", "GoldenDreamTeam.Data\SkiSchool.Data.csproj", "{1C642430-A775-4195-B138-30FA35FED7DA}"
EndProject
Global
	GlobalSection(SolutionConfigurationPlatforms) = preSolution
		Debug|Any CPU = Debug|Any CPU
		Release|Any CPU = Release|Any CPU
	EndGlobalSection
	GlobalSection(ProjectConfigurationPlatforms) = postSolution
		{2E4CEACF-FB03-485F-AF05-84C713C47316}.Debug|Any CPU.ActiveCfg = Debug|Any CPU
		{2E4CEACF-FB03-485F-AF05-84C713C47316}.Debug|Any CPU.Build.0 = Debug|Any CPU
		{2E4CEACF-FB03-485F-AF05-84C713C47316}.Release|Any CPU.ActiveCfg = Release|Any CPU
		{2E4CEACF-FB03-485F-AF05-84C713C47316}.Release|Any CPU.Build.0 = Release|Any CPU
		{CBC4F5B2-4D28-4E68-AD74-C96F2A548B5E}.Debug|Any CPU.ActiveCfg = Debug|Any CPU
		{CBC4F5B2-4D28-4E68-AD74-C96F2A548B5E}.Debug|Any CPU.Build.0 = Debug|Any CPU
		{CBC4F5B2-4D28-4E68-AD74-C96F2A548B5E}.Release|Any CPU.ActiveCfg = Release|Any CPU
		{CBC4F5B2-4D28-4E68-AD74-C96F2A548B5E}.Release|Any CPU.Build.0 = Release|Any CPU
		{1C642430-A775-4195-B138-30FA35FED7DA}.Debug|Any CPU.ActiveCfg = Debug|Any CPU
		{1C642430-A775-4195-B138-30FA35FED7DA}.Debug|Any CPU.Build.0 = Debug|Any CPU
		{1C642430-A775-4195-B138-30FA35FED7DA}.Release|Any CPU.ActiveCfg = Release|Any CPU
		{1C642430-A775-4195-B138-30FA35FED7DA}.Release|Any CPU.Build.0 = Release|Any CPU
	EndGlobalSection
	GlobalSection(SolutionProperties) = preSolution
		HideSolutionNode = FALSE
	EndGlobalSection
EndGlobal
