
Microsoft Visual Studio Solution File, Format Version 12.00
# Visual Studio 14
VisualStudioVersion = 14.0.25123.0
MinimumVisualStudioVersion = 10.0.40219.1
Project("{FAE04EC0-301F-11D3-BF4B-00C04F79EFBC}") = "SkiSchool", "SkiSchool\SkiSchool.csproj", "{FC1B64E1-7AF5-4DC2-9D46-9919D2E76ED0}"
EndProject
Global
	GlobalSection(SolutionConfigurationPlatforms) = preSolution
		Debug|Any CPU = Debug|Any CPU
		Release|Any CPU = Release|Any CPU
	EndGlobalSection
	GlobalSection(ProjectConfigurationPlatforms) = postSolution
		{FC1B64E1-7AF5-4DC2-9D46-9919D2E76ED0}.Debug|Any CPU.ActiveCfg = Debug|Any CPU
		{FC1B64E1-7AF5-4DC2-9D46-9919D2E76ED0}.Debug|Any CPU.Build.0 = Debug|Any CPU
		{FC1B64E1-7AF5-4DC2-9D46-9919D2E76ED0}.Release|Any CPU.ActiveCfg = Release|Any CPU
		{FC1B64E1-7AF5-4DC2-9D46-9919D2E76ED0}.Release|Any CPU.Build.0 = Release|Any CPU
	EndGlobalSection
	GlobalSection(SolutionProperties) = preSolution
		HideSolutionNode = FALSE
	EndGlobalSection
EndGlobal
